
Microsoft Visual Studio Solution File, Format Version 12.00
# Visual Studio Version 17
VisualStudioVersion = 17.11.35222.181
MinimumVisualStudioVersion = 10.0.40219.1
Project("{FAE04EC0-301F-11D3-BF4B-00C04F79EFBC}") = "WordAIFormula_Final", "WordAIFormula_Final\WordAIFormula_Final.csproj", "{9ECA071D-2187-42DB-B2CB-C60D6F7D75FB}"
EndProject
Global
	GlobalSection(SolutionConfigurationPlatforms) = preSolution
		Debug|Any CPU = Debug|Any CPU
		Release|Any CPU = Release|Any CPU
	EndGlobalSection
	GlobalSection(ProjectConfigurationPlatforms) = postSolution
		{9ECA071D-2187-42DB-B2CB-C60D6F7D75FB}.Debug|Any CPU.ActiveCfg = Debug|Any CPU
		{9ECA071D-2187-42DB-B2CB-C60D6F7D75FB}.Debug|Any CPU.Build.0 = Debug|Any CPU
		{9ECA071D-2187-42DB-B2CB-C60D6F7D75FB}.Release|Any CPU.ActiveCfg = Release|Any CPU
		{9ECA071D-2187-42DB-B2CB-C60D6F7D75FB}.Release|Any CPU.Build.0 = Release|Any CPU
	EndGlobalSection
	GlobalSection(SolutionProperties) = preSolution
		HideSolutionNode = FALSE
	EndGlobalSection
	GlobalSection(ExtensibilityGlobals) = postSolution
		SolutionGuid = {BAD11C8B-9EC1-4A07-ABCD-58DF50CD812D}
	EndGlobalSection
EndGlobal
